
Microsoft Visual Studio Solution File, Format Version 12.00
# Visual Studio Version 16
VisualStudioVersion = 16.0.33529.622
MinimumVisualStudioVersion = 10.0.40219.1
Project("{F184B08F-C81C-45F6-A57F-5ABD9991F28F}") = "EnrollmentSystem", "EnrollmentSystem\EnrollmentSystem.vbproj", "{3D33F91C-A4A8-4FCD-AC3B-EB89996213DB}"
EndProject
Global
	GlobalSection(SolutionConfigurationPlatforms) = preSolution
		Debug|Any CPU = Debug|Any CPU
		Release|Any CPU = Release|Any CPU
	EndGlobalSection
	GlobalSection(ProjectConfigurationPlatforms) = postSolution
		{3D33F91C-A4A8-4FCD-AC3B-EB89996213DB}.Debug|Any CPU.ActiveCfg = Debug|Any CPU
		{3D33F91C-A4A8-4FCD-AC3B-EB89996213DB}.Debug|Any CPU.Build.0 = Debug|Any CPU
		{3D33F91C-A4A8-4FCD-AC3B-EB89996213DB}.Release|Any CPU.ActiveCfg = Release|Any CPU
		{3D33F91C-A4A8-4FCD-AC3B-EB89996213DB}.Release|Any CPU.Build.0 = Release|Any CPU
	EndGlobalSection
	GlobalSection(SolutionProperties) = preSolution
		HideSolutionNode = FALSE
	EndGlobalSection
	GlobalSection(ExtensibilityGlobals) = postSolution
		SolutionGuid = {DA828561-8F10-47B6-A03C-4971444F05E0}
	EndGlobalSection
EndGlobal
